
Microsoft Visual Studio Solution File, Format Version 12.00
# Visual Studio Version 17
VisualStudioVersion = 17.5.33530.505
MinimumVisualStudioVersion = 10.0.40219.1
Project("{8BC9CEB8-8B4A-11D0-8D11-00A0C91BC942}") = "text_714", "text_714\text_714.vcxproj", "{2899D52A-1960-4627-8059-5D980BB0B431}"
EndProject
Global
	GlobalSection(SolutionConfigurationPlatforms) = preSolution
		Debug|x64 = Debug|x64
		Debug|x86 = Debug|x86
		Release|x64 = Release|x64
		Release|x86 = Release|x86
	EndGlobalSection
	GlobalSection(ProjectConfigurationPlatforms) = postSolution
		{2899D52A-1960-4627-8059-5D980BB0B431}.Debug|x64.ActiveCfg = Debug|x64
		{2899D52A-1960-4627-8059-5D980BB0B431}.Debug|x64.Build.0 = Debug|x64
		{2899D52A-1960-4627-8059-5D980BB0B431}.Debug|x86.ActiveCfg = Debug|Win32
		{2899D52A-1960-4627-8059-5D980BB0B431}.Debug|x86.Build.0 = Debug|Win32
		{2899D52A-1960-4627-8059-5D980BB0B431}.Release|x64.ActiveCfg = Release|x64
		{2899D52A-1960-4627-8059-5D980BB0B431}.Release|x64.Build.0 = Release|x64
		{2899D52A-1960-4627-8059-5D980BB0B431}.Release|x86.ActiveCfg = Release|Win32
		{2899D52A-1960-4627-8059-5D980BB0B431}.Release|x86.Build.0 = Release|Win32
	EndGlobalSection
	GlobalSection(SolutionProperties) = preSolution
		HideSolutionNode = FALSE
	EndGlobalSection
	GlobalSection(ExtensibilityGlobals) = postSolution
		SolutionGuid = {E8E4D8DC-07AC-47E9-822E-BDE165B1E91C}
	EndGlobalSection
EndGlobal
